// !$*UTF8*$!
{
	archiveVersion = 1;
	classes = {
	};
	objectVersion = 50;
	objects = {

/* Begin PBXBuildFile section */
		052A4770212C2B8B008F4E55 /* SignInController.swift in Sources */ = {isa = PBXBuildFile; fileRef = 052A476F212C2B8B008F4E55 /* SignInController.swift */; };
		05B6CBA92125CCC7009CE354 /* Main.storyboard in Resources */ = {isa = PBXBuildFile; fileRef = 05B6CBA72125CCC7009CE354 /* Main.storyboard */; };
		05B6CBBE2125CDAA009CE354 /* DataController.swift in Sources */ = {isa = PBXBuildFile; fileRef = 05B6CBB42125CDA8009CE354 /* DataController.swift */; };
		05B6CBBF2125CDAA009CE354 /* FormData.swift in Sources */ = {isa = PBXBuildFile; fileRef = 05B6CBB52125CDA8009CE354 /* FormData.swift */; };
		05B6CBC02125CDAA009CE354 /* FormTableController.swift in Sources */ = {isa = PBXBuildFile; fileRef = 05B6CBB62125CDA8009CE354 /* FormTableController.swift */; };
		05B6CBC12125CDAA009CE354 /* DescriptionCell.swift in Sources */ = {isa = PBXBuildFile; fileRef = 05B6CBB72125CDA8009CE354 /* DescriptionCell.swift */; };
		05B6CBC22125CDAA009CE354 /* Info.plist in Resources */ = {isa = PBXBuildFile; fileRef = 05B6CBB82125CDA9009CE354 /* Info.plist */; };
		05B6CBC32125CDAA009CE354 /* UserEntity.swift in Sources */ = {isa = PBXBuildFile; fileRef = 05B6CBB92125CDA9009CE354 /* UserEntity.swift */; };
		05B6CBC42125CDAA009CE354 /* LocationViewController.swift in Sources */ = {isa = PBXBuildFile; fileRef = 05B6CBBA2125CDA9009CE354 /* LocationViewController.swift */; };
		05B6CBC52125CDAA009CE354 /* LocationCell.swift in Sources */ = {isa = PBXBuildFile; fileRef = 05B6CBBB2125CDA9009CE354 /* LocationCell.swift */; };
		05B6CBC62125CDAA009CE354 /* CameraController.swift in Sources */ = {isa = PBXBuildFile; fileRef = 05B6CBBC2125CDA9009CE354 /* CameraController.swift */; };
		05B6CBC72125CDAA009CE354 /* LoginController.swift in Sources */ = {isa = PBXBuildFile; fileRef = 05B6CBBD2125CDA9009CE354 /* LoginController.swift */; };
		05B6CBCA2125CDB4009CE354 /* AppDelegate.swift in Sources */ = {isa = PBXBuildFile; fileRef = 05B6CBC82125CDB3009CE354 /* AppDelegate.swift */; };
		05B6CBCB2125CDB4009CE354 /* Assets.xcassets in Resources */ = {isa = PBXBuildFile; fileRef = 05B6CBC92125CDB3009CE354 /* Assets.xcassets */; };
		05B6CBD2212AFCB7009CE354 /* GoogleService-Info.plist in Resources */ = {isa = PBXBuildFile; fileRef = 05B6CBD1212AFCB7009CE354 /* GoogleService-Info.plist */; };
		262884F6EED04FAD453EA13E /* Pods_SocialServiceApp.framework in Frameworks */ = {isa = PBXBuildFile; fileRef = B90A3B5ED400ECF3B3DC5429 /* Pods_SocialServiceApp.framework */; };
/* End PBXBuildFile section */

/* Begin PBXFileReference section */
		052A476F212C2B8B008F4E55 /* SignInController.swift */ = {isa = PBXFileReference; lastKnownFileType = sourcecode.swift; path = SignInController.swift; sourceTree = "<group>"; };
		05B6CB922125CC8A009CE354 /* SocialServiceApp.app */ = {isa = PBXFileReference; explicitFileType = wrapper.application; includeInIndex = 0; path = SocialServiceApp.app; sourceTree = BUILT_PRODUCTS_DIR; };
		05B6CBA82125CCC7009CE354 /* Base */ = {isa = PBXFileReference; lastKnownFileType = file.storyboard; name = Base; path = Base.lproj/Main.storyboard; sourceTree = "<group>"; };
		05B6CBB42125CDA8009CE354 /* DataController.swift */ = {isa = PBXFileReference; fileEncoding = 4; lastKnownFileType = sourcecode.swift; path = DataController.swift; sourceTree = "<group>"; };
		05B6CBB52125CDA8009CE354 /* FormData.swift */ = {isa = PBXFileReference; fileEncoding = 4; lastKnownFileType = sourcecode.swift; path = FormData.swift; sourceTree = "<group>"; };
		05B6CBB62125CDA8009CE354 /* FormTableController.swift */ = {isa = PBXFileReference; fileEncoding = 4; lastKnownFileType = sourcecode.swift; path = FormTableController.swift; sourceTree = "<group>"; };
		05B6CBB72125CDA8009CE354 /* DescriptionCell.swift */ = {isa = PBXFileReference; fileEncoding = 4; lastKnownFileType = sourcecode.swift; path = DescriptionCell.swift; sourceTree = "<group>"; };
		05B6CBB82125CDA9009CE354 /* Info.plist */ = {isa = PBXFileReference; fileEncoding = 4; lastKnownFileType = text.plist.xml; path = Info.plist; sourceTree = "<group>"; };
		05B6CBB92125CDA9009CE354 /* UserEntity.swift */ = {isa = PBXFileReference; fileEncoding = 4; lastKnownFileType = sourcecode.swift; path = UserEntity.swift; sourceTree = "<group>"; };
		05B6CBBA2125CDA9009CE354 /* LocationViewController.swift */ = {isa = PBXFileReference; fileEncoding = 4; lastKnownFileType = sourcecode.swift; path = LocationViewController.swift; sourceTree = "<group>"; };
		05B6CBBB2125CDA9009CE354 /* LocationCell.swift */ = {isa = PBXFileReference; fileEncoding = 4; lastKnownFileType = sourcecode.swift; path = LocationCell.swift; sourceTree = "<group>"; };
		05B6CBBC2125CDA9009CE354 /* CameraController.swift */ = {isa = PBXFileReference; fileEncoding = 4; lastKnownFileType = sourcecode.swift; path = CameraController.swift; sourceTree = "<group>"; };
		05B6CBBD2125CDA9009CE354 /* LoginController.swift */ = {isa = PBXFileReference; fileEncoding = 4; lastKnownFileType = sourcecode.swift; path = LoginController.swift; sourceTree = "<group>"; };
		05B6CBC82125CDB3009CE354 /* AppDelegate.swift */ = {isa = PBXFileReference; fileEncoding = 4; lastKnownFileType = sourcecode.swift; path = AppDelegate.swift; sourceTree = "<group>"; };
		05B6CBC92125CDB3009CE354 /* Assets.xcassets */ = {isa = PBXFileReference; lastKnownFileType = folder.assetcatalog; path = Assets.xcassets; sourceTree = "<group>"; };
		05B6CBD0212AE0C8009CE354 /* SocialServiceApp.entitlements */ = {isa = PBXFileReference; lastKnownFileType = text.plist.entitlements; path = SocialServiceApp.entitlements; sourceTree = "<group>"; };
		05B6CBD1212AFCB7009CE354 /* GoogleService-Info.plist */ = {isa = PBXFileReference; fileEncoding = 4; lastKnownFileType = text.plist.xml; path = "GoogleService-Info.plist"; sourceTree = "<group>"; };
		1EE6ABF4D415CD1E70FDAFEA /* Pods-SocialServiceApp.debug.xcconfig */ = {isa = PBXFileReference; includeInIndex = 1; lastKnownFileType = text.xcconfig; name = "Pods-SocialServiceApp.debug.xcconfig"; path = "Pods/Target Support Files/Pods-SocialServiceApp/Pods-SocialServiceApp.debug.xcconfig"; sourceTree = "<group>"; };
		A7EDBB18619051FE8D11B9BD /* Pods-SocialServiceApp.release.xcconfig */ = {isa = PBXFileReference; includeInIndex = 1; lastKnownFileType = text.xcconfig; name = "Pods-SocialServiceApp.release.xcconfig"; path = "Pods/Target Support Files/Pods-SocialServiceApp/Pods-SocialServiceApp.release.xcconfig"; sourceTree = "<group>"; };
		B90A3B5ED400ECF3B3DC5429 /* Pods_SocialServiceApp.framework */ = {isa = PBXFileReference; explicitFileType = wrapper.framework; includeInIndex = 0; path = Pods_SocialServiceApp.framework; sourceTree = BUILT_PRODUCTS_DIR; };
/* End PBXFileReference section */

/* Begin PBXFrameworksBuildPhase section */
		05B6CB8F2125CC8A009CE354 /* Frameworks */ = {
			isa = PBXFrameworksBuildPhase;
			buildActionMask = 2147483647;
			files = (
				262884F6EED04FAD453EA13E /* Pods_SocialServiceApp.framework in Frameworks */,
			);
			runOnlyForDeploymentPostprocessing = 0;
		};
/* End PBXFrameworksBuildPhase section */

/* Begin PBXGroup section */
		05B6CB892125CC8A009CE354 = {
			isa = PBXGroup;
			children = (
				05B6CB942125CC8A009CE354 /* SocialServiceApp */,
				05B6CB932125CC8A009CE354 /* Products */,
				C2833C8772ACBB1C7A4732BD /* Pods */,
				4C6320363F985AB07FC48C8B /* Frameworks */,
			);
			sourceTree = "<group>";
		};
		05B6CB932125CC8A009CE354 /* Products */ = {
			isa = PBXGroup;
			children = (
				05B6CB922125CC8A009CE354 /* SocialServiceApp.app */,
			);
			name = Products;
			sourceTree = "<group>";
		};
		05B6CB942125CC8A009CE354 /* SocialServiceApp */ = {
			isa = PBXGroup;
			children = (
				05B6CBD0212AE0C8009CE354 /* SocialServiceApp.entitlements */,
				05B6CBA72125CCC7009CE354 /* Main.storyboard */,
				05B6CBCD2125CE06009CE354 /* Model */,
				05B6CBCF2125CE24009CE354 /* View */,
				05B6CBCE2125CE1B009CE354 /* Controller */,
				05B6CBB82125CDA9009CE354 /* Info.plist */,
				05B6CBD1212AFCB7009CE354 /* GoogleService-Info.plist */,
				05B6CBCC2125CDD6009CE354 /* SupportingFiles */,
			);
			path = SocialServiceApp;
			sourceTree = "<group>";
		};
		05B6CBCC2125CDD6009CE354 /* SupportingFiles */ = {
			isa = PBXGroup;
			children = (
				05B6CBC82125CDB3009CE354 /* AppDelegate.swift */,
				05B6CBC92125CDB3009CE354 /* Assets.xcassets */,
			);
			path = SupportingFiles;
			sourceTree = "<group>";
		};
		05B6CBCD2125CE06009CE354 /* Model */ = {
			isa = PBXGroup;
			children = (
				05B6CBB92125CDA9009CE354 /* UserEntity.swift */,
				05B6CBB52125CDA8009CE354 /* FormData.swift */,
			);
			path = Model;
			sourceTree = "<group>";
		};
		05B6CBCE2125CE1B009CE354 /* Controller */ = {
			isa = PBXGroup;
			children = (
				05B6CBBD2125CDA9009CE354 /* LoginController.swift */,
				052A476F212C2B8B008F4E55 /* SignInController.swift */,
				05B6CBB62125CDA8009CE354 /* FormTableController.swift */,
				05B6CBBC2125CDA9009CE354 /* CameraController.swift */,
				05B6CBBA2125CDA9009CE354 /* LocationViewController.swift */,
				05B6CBB42125CDA8009CE354 /* DataController.swift */,
			);
			path = Controller;
			sourceTree = "<group>";
		};
		05B6CBCF2125CE24009CE354 /* View */ = {
			isa = PBXGroup;
			children = (
				05B6CBB72125CDA8009CE354 /* DescriptionCell.swift */,
				05B6CBBB2125CDA9009CE354 /* LocationCell.swift */,
			);
			path = View;
			sourceTree = "<group>";
		};
		4C6320363F985AB07FC48C8B /* Frameworks */ = {
			isa = PBXGroup;
			children = (
				B90A3B5ED400ECF3B3DC5429 /* Pods_SocialServiceApp.framework */,
			);
			name = Frameworks;
			sourceTree = "<group>";
		};
		C2833C8772ACBB1C7A4732BD /* Pods */ = {
			isa = PBXGroup;
			children = (
				1EE6ABF4D415CD1E70FDAFEA /* Pods-SocialServiceApp.debug.xcconfig */,
				A7EDBB18619051FE8D11B9BD /* Pods-SocialServiceApp.release.xcconfig */,
			);
			name = Pods;
			sourceTree = "<group>";
		};
/* End PBXGroup section */

/* Begin PBXNativeTarget section */
		05B6CB912125CC8A009CE354 /* SocialServiceApp */ = {
			isa = PBXNativeTarget;
			buildConfigurationList = 05B6CBA42125CC8B009CE354 /* Build configuration list for PBXNativeTarget "SocialServiceApp" */;
			buildPhases = (
				5ED33EFB705A2EB0264DB06C /* [CP] Check Pods Manifest.lock */,
				05B6CB8E2125CC8A009CE354 /* Sources */,
				05B6CB8F2125CC8A009CE354 /* Frameworks */,
				05B6CB902125CC8A009CE354 /* Resources */,
				B4D04DA092C97F86137FF2B8 /* [CP] Embed Pods Frameworks */,
			);
			buildRules = (
			);
			dependencies = (
			);
			name = SocialServiceApp;
			productName = SocialServiceApp;
			productReference = 05B6CB922125CC8A009CE354 /* SocialServiceApp.app */;
			productType = "com.apple.product-type.application";
		};
/* End PBXNativeTarget section */

/* Begin PBXProject section */
		05B6CB8A2125CC8A009CE354 /* Project object */ = {
			isa = PBXProject;
			attributes = {
				LastSwiftUpdateCheck = 0940;
				LastUpgradeCheck = 0940;
				ORGANIZATIONNAME = "Boris Angelov";
				TargetAttributes = {
					05B6CB912125CC8A009CE354 = {
						CreatedOnToolsVersion = 9.4.1;
						LastSwiftMigration = 0940;
						SystemCapabilities = {
							com.apple.Keychain = {
								enabled = 1;
							};
						};
					};
				};
			};
			buildConfigurationList = 05B6CB8D2125CC8A009CE354 /* Build configuration list for PBXProject "SocialServiceApp" */;
			compatibilityVersion = "Xcode 9.3";
			developmentRegion = en;
			hasScannedForEncodings = 0;
			knownRegions = (
				en,
				Base,
			);
			mainGroup = 05B6CB892125CC8A009CE354;
			productRefGroup = 05B6CB932125CC8A009CE354 /* Products */;
			projectDirPath = "";
			projectRoot = "";
			targets = (
				05B6CB912125CC8A009CE354 /* SocialServiceApp */,
			);
		};
/* End PBXProject section */

/* Begin PBXResourcesBuildPhase section */
		05B6CB902125CC8A009CE354 /* Resources */ = {
			isa = PBXResourcesBuildPhase;
			buildActionMask = 2147483647;
			files = (
				05B6CBC22125CDAA009CE354 /* Info.plist in Resources */,
				05B6CBD2212AFCB7009CE354 /* GoogleService-Info.plist in Resources */,
				05B6CBCB2125CDB4009CE354 /* Assets.xcassets in Resources */,
				05B6CBA92125CCC7009CE354 /* Main.storyboard in Resources */,
			);
			runOnlyForDeploymentPostprocessing = 0;
		};
/* End PBXResourcesBuildPhase section */

/* Begin PBXShellScriptBuildPhase section */
		5ED33EFB705A2EB0264DB06C /* [CP] Check Pods Manifest.lock */ = {
			isa = PBXShellScriptBuildPhase;
			buildActionMask = 2147483647;
			files = (
			);
			inputPaths = (
				"${PODS_PODFILE_DIR_PATH}/Podfile.lock",
				"${PODS_ROOT}/Manifest.lock",
			);
			name = "[CP] Check Pods Manifest.lock";
			outputPaths = (
				"$(DERIVED_FILE_DIR)/Pods-SocialServiceApp-checkManifestLockResult.txt",
			);
			runOnlyForDeploymentPostprocessing = 0;
			shellPath = /bin/sh;
			shellScript = "diff \"${PODS_PODFILE_DIR_PATH}/Podfile.lock\" \"${PODS_ROOT}/Manifest.lock\" > /dev/null\nif [ $? != 0 ] ; then\n    # print error to STDERR\n    echo \"error: The sandbox is not in sync with the Podfile.lock. Run 'pod install' or update your CocoaPods installation.\" >&2\n    exit 1\nfi\n# This output is used by Xcode 'outputs' to avoid re-running this script phase.\necho \"SUCCESS\" > \"${SCRIPT_OUTPUT_FILE_0}\"\n";
			showEnvVarsInLog = 0;
		};
		B4D04DA092C97F86137FF2B8 /* [CP] Embed Pods Frameworks */ = {
			isa = PBXShellScriptBuildPhase;
			buildActionMask = 2147483647;
			files = (
			);
			inputPaths = (
				"${SRCROOT}/Pods/Target Support Files/Pods-SocialServiceApp/Pods-SocialServiceApp-frameworks.sh",
				"${BUILT_PRODUCTS_DIR}/Bolts/Bolts.framework",
				"${BUILT_PRODUCTS_DIR}/BoringSSL/openssl.framework",
				"${BUILT_PRODUCTS_DIR}/FBSDKCoreKit/FBSDKCoreKit.framework",
				"${BUILT_PRODUCTS_DIR}/FBSDKLoginKit/FBSDKLoginKit.framework",
				"${BUILT_PRODUCTS_DIR}/FBSDKShareKit/FBSDKShareKit.framework",
				"${BUILT_PRODUCTS_DIR}/GTMSessionFetcher/GTMSessionFetcher.framework",
				"${BUILT_PRODUCTS_DIR}/GoogleUtilities/GoogleUtilities.framework",
				"${BUILT_PRODUCTS_DIR}/JGProgressHUD/JGProgressHUD.framework",
				"${BUILT_PRODUCTS_DIR}/JTMaterialTransition/JTMaterialTransition.framework",
				"${BUILT_PRODUCTS_DIR}/KeychainAccess/KeychainAccess.framework",
				"${BUILT_PRODUCTS_DIR}/LBTAComponents/LBTAComponents.framework",
				"${BUILT_PRODUCTS_DIR}/PCLBlurEffectAlert/PCLBlurEffectAlert.framework",
				"${BUILT_PRODUCTS_DIR}/Protobuf/Protobuf.framework",
				"${BUILT_PRODUCTS_DIR}/RZTransitions/RZTransitions.framework",
				"${BUILT_PRODUCTS_DIR}/SwiftyJSON/SwiftyJSON.framework",
				"${BUILT_PRODUCTS_DIR}/gRPC/GRPCClient.framework",
				"${BUILT_PRODUCTS_DIR}/gRPC-Core/grpc.framework",
				"${BUILT_PRODUCTS_DIR}/gRPC-ProtoRPC/ProtoRPC.framework",
				"${BUILT_PRODUCTS_DIR}/gRPC-RxLibrary/RxLibrary.framework",
				"${BUILT_PRODUCTS_DIR}/leveldb-library/leveldb.framework",
				"${BUILT_PRODUCTS_DIR}/nanopb/nanopb.framework",
			);
			name = "[CP] Embed Pods Frameworks";
			outputPaths = (
				"${TARGET_BUILD_DIR}/${FRAMEWORKS_FOLDER_PATH}/Bolts.framework",
				"${TARGET_BUILD_DIR}/${FRAMEWORKS_FOLDER_PATH}/openssl.framework",
				"${TARGET_BUILD_DIR}/${FRAMEWORKS_FOLDER_PATH}/FBSDKCoreKit.framework",
				"${TARGET_BUILD_DIR}/${FRAMEWORKS_FOLDER_PATH}/FBSDKLoginKit.framework",
				"${TARGET_BUILD_DIR}/${FRAMEWORKS_FOLDER_PATH}/FBSDKShareKit.framework",
				"${TARGET_BUILD_DIR}/${FRAMEWORKS_FOLDER_PATH}/GTMSessionFetcher.framework",
				"${TARGET_BUILD_DIR}/${FRAMEWORKS_FOLDER_PATH}/GoogleUtilities.framework",
				"${TARGET_BUILD_DIR}/${FRAMEWORKS_FOLDER_PATH}/JGProgressHUD.framework",
				"${TARGET_BUILD_DIR}/${FRAMEWORKS_FOLDER_PATH}/JTMaterialTransition.framework",
				"${TARGET_BUILD_DIR}/${FRAMEWORKS_FOLDER_PATH}/KeychainAccess.framework",
				"${TARGET_BUILD_DIR}/${FRAMEWORKS_FOLDER_PATH}/LBTAComponents.framework",
				"${TARGET_BUILD_DIR}/${FRAMEWORKS_FOLDER_PATH}/PCLBlurEffectAlert.framework",
				"${TARGET_BUILD_DIR}/${FRAMEWORKS_FOLDER_PATH}/Protobuf.framework",
				"${TARGET_BUILD_DIR}/${FRAMEWORKS_FOLDER_PATH}/RZTransitions.framework",
				"${TARGET_BUILD_DIR}/${FRAMEWORKS_FOLDER_PATH}/SwiftyJSON.framework",
				"${TARGET_BUILD_DIR}/${FRAMEWORKS_FOLDER_PATH}/GRPCClient.framework",
				"${TARGET_BUILD_DIR}/${FRAMEWORKS_FOLDER_PATH}/grpc.framework",
				"${TARGET_BUILD_DIR}/${FRAMEWORKS_FOLDER_PATH}/ProtoRPC.framework",
				"${TARGET_BUILD_DIR}/${FRAMEWORKS_FOLDER_PATH}/RxLibrary.framework",
				"${TARGET_BUILD_DIR}/${FRAMEWORKS_FOLDER_PATH}/leveldb.framework",
				"${TARGET_BUILD_DIR}/${FRAMEWORKS_FOLDER_PATH}/nanopb.framework",
			);
			runOnlyForDeploymentPostprocessing = 0;
			shellPath = /bin/sh;
			shellScript = "\"${SRCROOT}/Pods/Target Support Files/Pods-SocialServiceApp/Pods-SocialServiceApp-frameworks.sh\"\n";
			showEnvVarsInLog = 0;
		};
/* End PBXShellScriptBuildPhase section */

/* Begin PBXSourcesBuildPhase section */
		05B6CB8E2125CC8A009CE354 /* Sources */ = {
			isa = PBXSourcesBuildPhase;
			buildActionMask = 2147483647;
			files = (
				05B6CBC12125CDAA009CE354 /* DescriptionCell.swift in Sources */,
				05B6CBBE2125CDAA009CE354 /* DataController.swift in Sources */,
				05B6CBBF2125CDAA009CE354 /* FormData.swift in Sources */,
				05B6CBC42125CDAA009CE354 /* LocationViewController.swift in Sources */,
				05B6CBC72125CDAA009CE354 /* LoginController.swift in Sources */,
				05B6CBC52125CDAA009CE354 /* LocationCell.swift in Sources */,
				05B6CBC32125CDAA009CE354 /* UserEntity.swift in Sources */,
				05B6CBC62125CDAA009CE354 /* CameraController.swift in Sources */,
				05B6CBCA2125CDB4009CE354 /* AppDelegate.swift in Sources */,
				05B6CBC02125CDAA009CE354 /* FormTableController.swift in Sources */,
				052A4770212C2B8B008F4E55 /* SignInController.swift in Sources */,
			);
			runOnlyForDeploymentPostprocessing = 0;
		};
/* End PBXSourcesBuildPhase section */

/* Begin PBXVariantGroup section */
		05B6CBA72125CCC7009CE354 /* Main.storyboard */ = {
			isa = PBXVariantGroup;
			children = (
				05B6CBA82125CCC7009CE354 /* Base */,
			);
			name = Main.storyboard;
			sourceTree = "<group>";
		};
/* End PBXVariantGroup section */

/* Begin XCBuildConfiguration section */
		05B6CBA22125CC8B009CE354 /* Debug */ = {
			isa = XCBuildConfiguration;
			buildSettings = {
				ALWAYS_SEARCH_USER_PATHS = NO;
				CLANG_ANALYZER_NONNULL = YES;
				CLANG_ANALYZER_NUMBER_OBJECT_CONVERSION = YES_AGGRESSIVE;
				CLANG_CXX_LANGUAGE_STANDARD = "gnu++14";
				CLANG_CXX_LIBRARY = "libc++";
				CLANG_ENABLE_MODULES = YES;
				CLANG_ENABLE_OBJC_ARC = YES;
				CLANG_ENABLE_OBJC_WEAK = YES;
				CLANG_WARN_BLOCK_CAPTURE_AUTORELEASING = YES;
				CLANG_WARN_BOOL_CONVERSION = YES;
				CLANG_WARN_COMMA = YES;
				CLANG_WARN_CONSTANT_CONVERSION = YES;
				CLANG_WARN_DEPRECATED_OBJC_IMPLEMENTATIONS = YES;
				CLANG_WARN_DIRECT_OBJC_ISA_USAGE = YES_ERROR;
				CLANG_WARN_DOCUMENTATION_COMMENTS = YES;
				CLANG_WARN_EMPTY_BODY = YES;
				CLANG_WARN_ENUM_CONVERSION = YES;
				CLANG_WARN_INFINITE_RECURSION = YES;
				CLANG_WARN_INT_CONVERSION = YES;
				CLANG_WARN_NON_LITERAL_NULL_CONVERSION = YES;
				CLANG_WARN_OBJC_IMPLICIT_RETAIN_SELF = YES;
				CLANG_WARN_OBJC_LITERAL_CONVERSION = YES;
				CLANG_WARN_OBJC_ROOT_CLASS = YES_ERROR;
				CLANG_WARN_RANGE_LOOP_ANALYSIS = YES;
				CLANG_WARN_STRICT_PROTOTYPES = YES;
				CLANG_WARN_SUSPICIOUS_MOVE = YES;
				CLANG_WARN_UNGUARDED_AVAILABILITY = YES_AGGRESSIVE;
				CLANG_WARN_UNREACHABLE_CODE = YES;
				CLANG_WARN__DUPLICATE_METHOD_MATCH = YES;
				CODE_SIGN_IDENTITY = "iPhone Developer";
				COPY_PHASE_STRIP = NO;
				DEBUG_INFORMATION_FORMAT = dwarf;
				ENABLE_STRICT_OBJC_MSGSEND = YES;
				ENABLE_TESTABILITY = YES;
				GCC_C_LANGUAGE_STANDARD = gnu11;
				GCC_DYNAMIC_NO_PIC = NO;
				GCC_NO_COMMON_BLOCKS = YES;
				GCC_OPTIMIZATION_LEVEL = 0;
				GCC_PREPROCESSOR_DEFINITIONS = (
					"DEBUG=1",
					"$(inherited)",
				);
				GCC_WARN_64_TO_32_BIT_CONVERSION = YES;
				GCC_WARN_ABOUT_RETURN_TYPE = YES_ERROR;
				GCC_WARN_UNDECLARED_SELECTOR = YES;
				GCC_WARN_UNINITIALIZED_AUTOS = YES_AGGRESSIVE;
				GCC_WARN_UNUSED_FUNCTION = YES;
				GCC_WARN_UNUSED_VARIABLE = YES;
				IPHONEOS_DEPLOYMENT_TARGET = 11.4;
				MTL_ENABLE_DEBUG_INFO = YES;
				ONLY_ACTIVE_ARCH = YES;
				SDKROOT = iphoneos;
				SWIFT_ACTIVE_COMPILATION_CONDITIONS = DEBUG;
				SWIFT_OPTIMIZATION_LEVEL = "-Onone";
			};
			name = Debug;
		};
		05B6CBA32125CC8B009CE354 /* Release */ = {
			isa = XCBuildConfiguration;
			buildSettings = {
				ALWAYS_SEARCH_USER_PATHS = NO;
				CLANG_ANALYZER_NONNULL = YES;
				CLANG_ANALYZER_NUMBER_OBJECT_CONVERSION = YES_AGGRESSIVE;
				CLANG_CXX_LANGUAGE_STANDARD = "gnu++14";
				CLANG_CXX_LIBRARY = "libc++";
				CLANG_ENABLE_MODULES = YES;
				CLANG_ENABLE_OBJC_ARC = YES;
				CLANG_ENABLE_OBJC_WEAK = YES;
				CLANG_WARN_BLOCK_CAPTURE_AUTORELEASING = YES;
				CLANG_WARN_BOOL_CONVERSION = YES;
				CLANG_WARN_COMMA = YES;
				CLANG_WARN_CONSTANT_CONVERSION = YES;
				CLANG_WARN_DEPRECATED_OBJC_IMPLEMENTATIONS = YES;
				CLANG_WARN_DIRECT_OBJC_ISA_USAGE = YES_ERROR;
				CLANG_WARN_DOCUMENTATION_COMMENTS = YES;
				CLANG_WARN_EMPTY_BODY = YES;
				CLANG_WARN_ENUM_CONVERSION = YES;
				CLANG_WARN_INFINITE_RECURSION = YES;
				CLANG_WARN_INT_CONVERSION = YES;
				CLANG_WARN_NON_LITERAL_NULL_CONVERSION = YES;
				CLANG_WARN_OBJC_IMPLICIT_RETAIN_SELF = YES;
				CLANG_WARN_OBJC_LITERAL_CONVERSION = YES;
				CLANG_WARN_OBJC_ROOT_CLASS = YES_ERROR;
				CLANG_WARN_RANGE_LOOP_ANALYSIS = YES;
				CLANG_WARN_STRICT_PROTOTYPES = YES;
				CLANG_WARN_SUSPICIOUS_MOVE = YES;
				CLANG_WARN_UNGUARDED_AVAILABILITY = YES_AGGRESSIVE;
				CLANG_WARN_UNREACHABLE_CODE = YES;
				CLANG_WARN__DUPLICATE_METHOD_MATCH = YES;
				CODE_SIGN_IDENTITY = "iPhone Developer";
				COPY_PHASE_STRIP = NO;
				DEBUG_INFORMATION_FORMAT = "dwarf-with-dsym";
				ENABLE_NS_ASSERTIONS = NO;
				ENABLE_STRICT_OBJC_MSGSEND = YES;
				GCC_C_LANGUAGE_STANDARD = gnu11;
				GCC_NO_COMMON_BLOCKS = YES;
				GCC_WARN_64_TO_32_BIT_CONVERSION = YES;
				GCC_WARN_ABOUT_RETURN_TYPE = YES_ERROR;
				GCC_WARN_UNDECLARED_SELECTOR = YES;
				GCC_WARN_UNINITIALIZED_AUTOS = YES_AGGRESSIVE;
				GCC_WARN_UNUSED_FUNCTION = YES;
				GCC_WARN_UNUSED_VARIABLE = YES;
				IPHONEOS_DEPLOYMENT_TARGET = 11.4;
				MTL_ENABLE_DEBUG_INFO = NO;
				SDKROOT = iphoneos;
				SWIFT_COMPILATION_MODE = wholemodule;
				SWIFT_OPTIMIZATION_LEVEL = "-O";
				VALIDATE_PRODUCT = YES;
			};
			name = Release;
		};
		05B6CBA52125CC8B009CE354 /* Debug */ = {
			isa = XCBuildConfiguration;
			baseConfigurationReference = 1EE6ABF4D415CD1E70FDAFEA /* Pods-SocialServiceApp.debug.xcconfig */;
			buildSettings = {
				ASSETCATALOG_COMPILER_APPICON_NAME = AppIcon;
				CLANG_ENABLE_MODULES = YES;
				CODE_SIGN_ENTITLEMENTS = SocialServiceApp/SocialServiceApp.entitlements;
				CODE_SIGN_STYLE = Automatic;
				DEVELOPMENT_TEAM = TVEYR4G329;
				INFOPLIST_FILE = SocialServiceApp/Info.plist;
				LD_RUNPATH_SEARCH_PATHS = (
					"$(inherited)",
					"@executable_path/Frameworks",
				);
				PRODUCT_BUNDLE_IDENTIFIER = home.SocialServiceApp;
				PRODUCT_NAME = "$(TARGET_NAME)";
				SWIFT_OPTIMIZATION_LEVEL = "-Onone";
				SWIFT_VERSION = 4.0;
				TARGETED_DEVICE_FAMILY = "1,2";
			};
			name = Debug;
		};
		05B6CBA62125CC8B009CE354 /* Release */ = {
			isa = XCBuildConfiguration;
			baseConfigurationReference = A7EDBB18619051FE8D11B9BD /* Pods-SocialServiceApp.release.xcconfig */;
			buildSettings = {
				ASSETCATALOG_COMPILER_APPICON_NAME = AppIcon;
				CLANG_ENABLE_MODULES = YES;
				CODE_SIGN_ENTITLEMENTS = SocialServiceApp/SocialServiceApp.entitlements;
				CODE_SIGN_STYLE = Automatic;
				DEVELOPMENT_TEAM = TVEYR4G329;
				INFOPLIST_FILE = SocialServiceApp/Info.plist;
				LD_RUNPATH_SEARCH_PATHS = (
					"$(inherited)",
					"@executable_path/Frameworks",
				);
				PRODUCT_BUNDLE_IDENTIFIER = home.SocialServiceApp;
				PRODUCT_NAME = "$(TARGET_NAME)";
				SWIFT_VERSION = 4.0;
				TARGETED_DEVICE_FAMILY = "1,2";
			};
			name = Release;
		};
/* End XCBuildConfiguration section */

/* Begin XCConfigurationList section */
		05B6CB8D2125CC8A009CE354 /* Build configuration list for PBXProject "SocialServiceApp" */ = {
			isa = XCConfigurationList;
			buildConfigurations = (
				05B6CBA22125CC8B009CE354 /* Debug */,
				05B6CBA32125CC8B009CE354 /* Release */,
			);
			defaultConfigurationIsVisible = 0;
			defaultConfigurationName = Release;
		};
		05B6CBA42125CC8B009CE354 /* Build configuration list for PBXNativeTarget "SocialServiceApp" */ = {
			isa = XCConfigurationList;
			buildConfigurations = (
				05B6CBA52125CC8B009CE354 /* Debug */,
				05B6CBA62125CC8B009CE354 /* Release */,
			);
			defaultConfigurationIsVisible = 0;
			defaultConfigurationName = Release;
		};
/* End XCConfigurationList section */
	};
	rootObject = 05B6CB8A2125CC8A009CE354 /* Project object */;
}
